{
  "name": "frontend",
  "version": "0.0.0",
  "lockfileVersion": 3,
  "requires": true,
  "packages": {
    "": {
      "name": "frontend",
      "version": "0.0.0",
      "dependencies": {
        "@tailwindcss/vite": "^4.3.3",
        "@tanstack/react-query": "^5.101.4",
        "axios": "^1.19.0",
        "firebase": "^12.1.0",
        "react": "^19.2.8",
        "react-dom": "^19.2.8"
      },
      "devDependencies": {
        "@eslint/js": "^10.0.1",
        "@types/node": "^24.13.3",
        "@types/react": "^19.2.17",
        "@types/react-dom": "^19.2.3",
        "@vitejs/plugin-react": "^6.0.4",
        "eslint": "^10.8.0",
        "eslint-plugin-react-hooks": "^7.1.1",
        "eslint-plugin-react-refresh": "^0.5.3",
        "globals": "^17.7.0",
        "typescript": "~6.0.2",
        "typescript-eslint": "^8.65.0",
        "vite": "^8.2.0"
      }
    },
    "node_modules/@tailwindcss/vite": { "version":"4.3.3","resolved":"https://registry.npmjs.org/@tailwindcss/vite/-/vite-4.3.3.tgz","integrity":"sha512-yYU8cogLeSh/ms2jh8Fj7jaba/EWa7Ja6GoUqYZaraEuCI5YS6ms6ObZgjjedm+jm6XZjdNRWBpPP6Z86oOxcw==","license":"MIT","dependencies":{"@tailwindcss/node":"4.3.3","@tailwindcss/oxide":"4.3.3","tailwindcss":"4.3.3"},"peerDependencies":{"vite":"^5.2.0 || ^6 || ^7 || ^8"}},
    "node_modules/@tanstack/query-core": { "version":"5.101.4","resolved":"https://registry.npmjs.org/@tanstack/query-core/-/query-core-5.101.4.tgz","integrity":"sha512-gNwcvOJcRbLWPOLG/2OBm+zM+Yv+MKsXKEOWC57USuZDEsI71hEErQsiEGx5wX9rzWWkfwM0fVSPoiIFSsxfiw==","license":"MIT"},
    "node_modules/@tanstack/react-query": { "version":"5.101.4","resolved":"https://registry.npmjs.org/@tanstack/react-query/-/react-query-5.101.4.tgz","integrity":"sha512-yRg2pfOCxIs4ZJW3XYYHU/WgtD04FHSnfHlpRT7h7pR77hwkdRG4wxbKe4aq6P0RvXUTBSQpQeadS1SUYUe+KA==","license":"MIT","dependencies":{"@tanstack/query-core":"5.101.4"},"peerDependencies":{"react":"^18 || ^19"}},
    "node_modules/axios": { "version":"1.19.0","resolved":"https://registry.npmjs.org/axios/-/axios-1.19.0.tgz","integrity":"sha512-ht/iuYZXEjFxLH/Hkezgd7m6JKlHHXEUSneaDz8uZe1Gj5QZtCnpyDsckvAiEnT89OEbCLmnte4R4sn7P0EKFw==","license":"MIT","dependencies":{"follow-redirects":"^1.16.0","form-data":"^4.0.6","https-proxy-agent":"^5.0.1","proxy-from-env":"^2.1.0"}},
    "node_modules/react": { "version":"19.2.8","resolved":"https://registry.npmjs.org/react/-/react-19.2.8.tgz","integrity":"sha512-PWaYA1L/q9u2u7xYQi+Y3L3Yfnie7XyLeaJICV1MGD6LprsBxcAqGjYyr0eY3p+QdsA+x/Irkt4Qif8D63+Sbw==","license":"MIT"},
    "node_modules/react-dom": { "version":"19.2.8","resolved":"https://registry.npmjs.org/react-dom/-/react-dom-19.2.8.tgz","integrity":"sha512-rVprimfGBG3DR+Tq0IQG2DT5PxKth1WIGDmj5yPmlzr4YBe7uyE+Du4oVqTDXZSHGGGXRtTJEGSSePyQCMBglQ==","license":"MIT","dependencies":{"scheduler":"^0.27.0"},"peerDependencies":{"react":"^19.2.8"}},
    "node_modules/scheduler": { "version":"0.27.0","resolved":"https://registry.npmjs.org/scheduler/-/scheduler-0.27.0.tgz","integrity":"sha512-eNv+WrVbKu1f3vbYJT/xtiF5syA5HPIMtf9IgY/nKg0sWqzAUEvqY/xm7OcZc/qafLx/iO9FgOmeSAp4v5ti/Q==","license":"MIT"},
    "node_modules/typescript": { "version":"6.0.3","resolved":"https://registry.npmjs.org/typescript/-/typescript-6.0.3.tgz","integrity":"sha512-y2TvuxSZPDyQakkFRPZHKFm+KKVqIisdg9/CZwm9ftvKXLP8NRWj38/ODjNbr43SsoXqNuAisEf1GdCxqWcdBw==","dev":true,"license":"Apache-2.0"},
    "node_modules/vite": { "version":"8.2.0","resolved":"https://registry.npmjs.org/vite/-/vite-8.2.0.tgz","integrity":"sha512-pn+CFpM0lwDeKwmOq1ZaBK/9sjorZcgqxki6MbY/jPEVd9vichIlmlD4HmQ5wdP5EgqQCFRaACBxMC7uEGc6lQ==","license":"MIT","dependencies":{"lightningcss":"^1.33.0","picomatch":"^4.0.5","postcss":"^8.5.23","rolldown":"~1.2.0","tinyglobby":"^0.2.17"},"engines":{"node":"^20.19.0 || >=22.12.0"}}
  }
}
